
Microsoft Visual Studio Solution File, Format Version 12.00
# Visual Studio Version 16
VisualStudioVersion = 16.0.31624.102
MinimumVisualStudioVersion = 10.0.40219.1
Project("{9A19103F-16F7-4668-BE54-9A1E7A4F7556}") = "lab-1", "lab-1\lab-1.csproj", "{0F768C6D-7BF7-4DBF-AD9D-65079DBA94CA}"
EndProject
Project("{9A19103F-16F7-4668-BE54-9A1E7A4F7556}") = "lab-2", "lab-2\lab-2.csproj", "{C56E31C8-BBDE-417B-9EC1-315CBCD50D33}"
EndProject
Project("{9A19103F-16F7-4668-BE54-9A1E7A4F7556}") = "lab-3", "lab-3\lab-3.csproj", "{B5F7C9F4-486C-4FAA-AB57-AEC4D7D421C9}"
EndProject
Project("{9A19103F-16F7-4668-BE54-9A1E7A4F7556}") = "lab-1-zadanieDomowe", "lab-1-zadanieDomowe\lab-1-zadanieDomowe.csproj", "{D91651AF-3461-443D-80E9-998BB5B1BA90}"
EndProject
Project("{9A19103F-16F7-4668-BE54-9A1E7A4F7556}") = "lab-1-zadanieDomowe-2", "lab-1-zadanieDomowe-2\lab-1-zadanieDomowe-2.csproj", "{403723BE-9CB2-4C29-A3E4-97E346FDC489}"
EndProject
Project("{9A19103F-16F7-4668-BE54-9A1E7A4F7556}") = "lab-4", "lab-4\lab-4.csproj", "{0913C5E9-B1FC-4CEE-9D4E-868B776F9538}"
EndProject
Project("{9A19103F-16F7-4668-BE54-9A1E7A4F7556}") = "lab-5", "lab-5\lab-5.csproj", "{AF3A64F0-AAA6-42F4-AE39-D66B502DA8AA}"
EndProject
Project("{9A19103F-16F7-4668-BE54-9A1E7A4F7556}") = "lab-6", "lab-6\lab-6.csproj", "{8197CCEF-2991-4F5E-AE04-5D7AACF0309F}"
EndProject
Project("{9A19103F-16F7-4668-BE54-9A1E7A4F7556}") = "lab-7", "lab-7\lab-7.csproj", "{6D3A917D-F495-484B-8455-89BFC505EBC9}"
EndProject
Project("{9A19103F-16F7-4668-BE54-9A1E7A4F7556}") = "lab-8", "lab-8\lab-8.csproj", "{A296141C-B4D5-4A2F-8B13-95E4D2D774CE}"
EndProject
Project("{9A19103F-16F7-4668-BE54-9A1E7A4F7556}") = "lab-8-zadanie", "lab-8-zadanie\lab-8-zadanie.csproj", "{D9DFAE68-E42D-461D-8C3A-C4784E4FBDAA}"
EndProject
Project("{9A19103F-16F7-4668-BE54-9A1E7A4F7556}") = "lab-9", "lab-9\lab-9.csproj", "{7E22A0EB-169D-4ECB-BA6F-CA76EFCC81FD}"
EndProject
Project("{9A19103F-16F7-4668-BE54-9A1E7A4F7556}") = "lab-9-zad", "lab-9-zad\lab-9-zad.csproj", "{C588D2B7-1B6E-4386-8DE0-F57F0BE8A48B}"
EndProject
Project("{9A19103F-16F7-4668-BE54-9A1E7A4F7556}") = "lab-10", "lab-10\lab-10.csproj", "{ADE3F9E4-15C1-4294-9821-5D79AFAC3F07}"
EndProject
Project("{FAE04EC0-301F-11D3-BF4B-00C04F79EFBC}") = "lab-11", "lab-11\lab-11.csproj", "{A2235A02-1901-4DB6-87ED-CE020E0E98A4}"
EndProject
Global
	GlobalSection(SolutionConfigurationPlatforms) = preSolution
		Debug|Any CPU = Debug|Any CPU
		Release|Any CPU = Release|Any CPU
	EndGlobalSection
	GlobalSection(ProjectConfigurationPlatforms) = postSolution
		{0F768C6D-7BF7-4DBF-AD9D-65079DBA94CA}.Debug|Any CPU.ActiveCfg = Debug|Any CPU
		{0F768C6D-7BF7-4DBF-AD9D-65079DBA94CA}.Debug|Any CPU.Build.0 = Debug|Any CPU
		{0F768C6D-7BF7-4DBF-AD9D-65079DBA94CA}.Release|Any CPU.ActiveCfg = Release|Any CPU
		{0F768C6D-7BF7-4DBF-AD9D-65079DBA94CA}.Release|Any CPU.Build.0 = Release|Any CPU
		{C56E31C8-BBDE-417B-9EC1-315CBCD50D33}.Debug|Any CPU.ActiveCfg = Debug|Any CPU
		{C56E31C8-BBDE-417B-9EC1-315CBCD50D33}.Debug|Any CPU.Build.0 = Debug|Any CPU
		{C56E31C8-BBDE-417B-9EC1-315CBCD50D33}.Release|Any CPU.ActiveCfg = Release|Any CPU
		{C56E31C8-BBDE-417B-9EC1-315CBCD50D33}.Release|Any CPU.Build.0 = Release|Any CPU
		{B5F7C9F4-486C-4FAA-AB57-AEC4D7D421C9}.Debug|Any CPU.ActiveCfg = Debug|Any CPU
		{B5F7C9F4-486C-4FAA-AB57-AEC4D7D421C9}.Debug|Any CPU.Build.0 = Debug|Any CPU
		{B5F7C9F4-486C-4FAA-AB57-AEC4D7D421C9}.Release|Any CPU.ActiveCfg = Release|Any CPU
		{B5F7C9F4-486C-4FAA-AB57-AEC4D7D421C9}.Release|Any CPU.Build.0 = Release|Any CPU
		{D91651AF-3461-443D-80E9-998BB5B1BA90}.Debug|Any CPU.ActiveCfg = Debug|Any CPU
		{D91651AF-3461-443D-80E9-998BB5B1BA90}.Debug|Any CPU.Build.0 = Debug|Any CPU
		{D91651AF-3461-443D-80E9-998BB5B1BA90}.Release|Any CPU.ActiveCfg = Release|Any CPU
		{D91651AF-3461-443D-80E9-998BB5B1BA90}.Release|Any CPU.Build.0 = Release|Any CPU
		{403723BE-9CB2-4C29-A3E4-97E346FDC489}.Debug|Any CPU.ActiveCfg = Debug|Any CPU
		{403723BE-9CB2-4C29-A3E4-97E346FDC489}.Debug|Any CPU.Build.0 = Debug|Any CPU
		{403723BE-9CB2-4C29-A3E4-97E346FDC489}.Release|Any CPU.ActiveCfg = Release|Any CPU
		{403723BE-9CB2-4C29-A3E4-97E346FDC489}.Release|Any CPU.Build.0 = Release|Any CPU
		{0913C5E9-B1FC-4CEE-9D4E-868B776F9538}.Debug|Any CPU.ActiveCfg = Debug|Any CPU
		{0913C5E9-B1FC-4CEE-9D4E-868B776F9538}.Debug|Any CPU.Build.0 = Debug|Any CPU
		{0913C5E9-B1FC-4CEE-9D4E-868B776F9538}.Release|Any CPU.ActiveCfg = Release|Any CPU
		{0913C5E9-B1FC-4CEE-9D4E-868B776F9538}.Release|Any CPU.Build.0 = Release|Any CPU
		{AF3A64F0-AAA6-42F4-AE39-D66B502DA8AA}.Debug|Any CPU.ActiveCfg = Debug|Any CPU
		{AF3A64F0-AAA6-42F4-AE39-D66B502DA8AA}.Debug|Any CPU.Build.0 = Debug|Any CPU
		{AF3A64F0-AAA6-42F4-AE39-D66B502DA8AA}.Release|Any CPU.ActiveCfg = Release|Any CPU
		{AF3A64F0-AAA6-42F4-AE39-D66B502DA8AA}.Release|Any CPU.Build.0 = Release|Any CPU
		{8197CCEF-2991-4F5E-AE04-5D7AACF0309F}.Debug|Any CPU.ActiveCfg = Debug|Any CPU
		{8197CCEF-2991-4F5E-AE04-5D7AACF0309F}.Debug|Any CPU.Build.0 = Debug|Any CPU
		{8197CCEF-2991-4F5E-AE04-5D7AACF0309F}.Release|Any CPU.ActiveCfg = Release|Any CPU
		{8197CCEF-2991-4F5E-AE04-5D7AACF0309F}.Release|Any CPU.Build.0 = Release|Any CPU
		{6D3A917D-F495-484B-8455-89BFC505EBC9}.Debug|Any CPU.ActiveCfg = Debug|Any CPU
		{6D3A917D-F495-484B-8455-89BFC505EBC9}.Debug|Any CPU.Build.0 = Debug|Any CPU
		{6D3A917D-F495-484B-8455-89BFC505EBC9}.Release|Any CPU.ActiveCfg = Release|Any CPU
		{6D3A917D-F495-484B-8455-89BFC505EBC9}.Release|Any CPU.Build.0 = Release|Any CPU
		{A296141C-B4D5-4A2F-8B13-95E4D2D774CE}.Debug|Any CPU.ActiveCfg = Debug|Any CPU
		{A296141C-B4D5-4A2F-8B13-95E4D2D774CE}.Debug|Any CPU.Build.0 = Debug|Any CPU
		{A296141C-B4D5-4A2F-8B13-95E4D2D774CE}.Release|Any CPU.ActiveCfg = Release|Any CPU
		{A296141C-B4D5-4A2F-8B13-95E4D2D774CE}.Release|Any CPU.Build.0 = Release|Any CPU
		{D9DFAE68-E42D-461D-8C3A-C4784E4FBDAA}.Debug|Any CPU.ActiveCfg = Debug|Any CPU
		{D9DFAE68-E42D-461D-8C3A-C4784E4FBDAA}.Debug|Any CPU.Build.0 = Debug|Any CPU
		{D9DFAE68-E42D-461D-8C3A-C4784E4FBDAA}.Release|Any CPU.ActiveCfg = Release|Any CPU
		{D9DFAE68-E42D-461D-8C3A-C4784E4FBDAA}.Release|Any CPU.Build.0 = Release|Any CPU
		{7E22A0EB-169D-4ECB-BA6F-CA76EFCC81FD}.Debug|Any CPU.ActiveCfg = Debug|Any CPU
		{7E22A0EB-169D-4ECB-BA6F-CA76EFCC81FD}.Debug|Any CPU.Build.0 = Debug|Any CPU
		{7E22A0EB-169D-4ECB-BA6F-CA76EFCC81FD}.Release|Any CPU.ActiveCfg = Release|Any CPU
		{7E22A0EB-169D-4ECB-BA6F-CA76EFCC81FD}.Release|Any CPU.Build.0 = Release|Any CPU
		{C588D2B7-1B6E-4386-8DE0-F57F0BE8A48B}.Debug|Any CPU.ActiveCfg = Debug|Any CPU
		{C588D2B7-1B6E-4386-8DE0-F57F0BE8A48B}.Debug|Any CPU.Build.0 = Debug|Any CPU
		{C588D2B7-1B6E-4386-8DE0-F57F0BE8A48B}.Release|Any CPU.ActiveCfg = Release|Any CPU
		{C588D2B7-1B6E-4386-8DE0-F57F0BE8A48B}.Release|Any CPU.Build.0 = Release|Any CPU
		{ADE3F9E4-15C1-4294-9821-5D79AFAC3F07}.Debug|Any CPU.ActiveCfg = Debug|Any CPU
		{ADE3F9E4-15C1-4294-9821-5D79AFAC3F07}.Debug|Any CPU.Build.0 = Debug|Any CPU
		{ADE3F9E4-15C1-4294-9821-5D79AFAC3F07}.Release|Any CPU.ActiveCfg = Release|Any CPU
		{ADE3F9E4-15C1-4294-9821-5D79AFAC3F07}.Release|Any CPU.Build.0 = Release|Any CPU
		{A2235A02-1901-4DB6-87ED-CE020E0E98A4}.Debug|Any CPU.ActiveCfg = Debug|Any CPU
		{A2235A02-1901-4DB6-87ED-CE020E0E98A4}.Debug|Any CPU.Build.0 = Debug|Any CPU
		{A2235A02-1901-4DB6-87ED-CE020E0E98A4}.Release|Any CPU.ActiveCfg = Release|Any CPU
		{A2235A02-1901-4DB6-87ED-CE020E0E98A4}.Release|Any CPU.Build.0 = Release|Any CPU
	EndGlobalSection
	GlobalSection(SolutionProperties) = preSolution
		HideSolutionNode = FALSE
	EndGlobalSection
	GlobalSection(ExtensibilityGlobals) = postSolution
		SolutionGuid = {D8BB8418-9C67-4B74-9C77-BA8BD5FC96F4}
	EndGlobalSection
EndGlobal
